
Microsoft Visual Studio Solution File, Format Version 12.00
# Visual Studio Version 16
VisualStudioVersion = 16.0.29519.181
MinimumVisualStudioVersion = 10.0.40219.1
Project("{2150E333-8FDC-42A3-9474-1A3956D46DE8}") = "1. Layers", "1. Layers", "{FACA1A00-2D70-40AD-A728-BF1723618187}"
EndProject
Project("{2150E333-8FDC-42A3-9474-1A3956D46DE8}") = "1.1 Presentation", "1.1 Presentation", "{E85C64D5-6ACD-4C85-B922-F6B93A9A7FB9}"
EndProject
Project("{2150E333-8FDC-42A3-9474-1A3956D46DE8}") = "1.2 Application", "1.2 Application", "{AFDCB393-4725-4869-9590-5C1736797287}"
	ProjectSection(SolutionItems) = preProject
		Web\packages.config = Web\packages.config
	EndProjectSection
EndProject
Project("{2150E333-8FDC-42A3-9474-1A3956D46DE8}") = "1.3 Domain", "1.3 Domain", "{B7A7B23D-E0E8-46BB-B13D-AB5FA038F5D9}"
EndProject
Project("{2150E333-8FDC-42A3-9474-1A3956D46DE8}") = "1.4 Persistence", "1.4 Persistence", "{9E98B304-E08D-4CBA-866E-443504FE78D4}"
EndProject
Project("{2150E333-8FDC-42A3-9474-1A3956D46DE8}") = "1.5 Infrastructure", "1.5 Infrastructure", "{E2847969-0873-4C46-B639-0426F24522C4}"
EndProject
Project("{2150E333-8FDC-42A3-9474-1A3956D46DE8}") = "1.5.1 Tools", "1.5.1 Tools", "{498F22A1-B4F4-4206-8153-179E80351ABE}"
EndProject
Project("{2150E333-8FDC-42A3-9474-1A3956D46DE8}") = "1.4.1 Core", "1.4.1 Core", "{7C0FD9EE-0570-4058-AB52-3C157680B710}"
EndProject
Project("{2150E333-8FDC-42A3-9474-1A3956D46DE8}") = "1.4.2 Data", "1.4.2 Data", "{AA3D8D5D-769B-4C16-B731-CCC4AEEB238B}"
EndProject
Project("{2150E333-8FDC-42A3-9474-1A3956D46DE8}") = "1.4.3 Connection", "1.4.3 Connection", "{766A41D8-4C6F-4163-8F96-C9C21A790ADA}"
EndProject
Project("{2150E333-8FDC-42A3-9474-1A3956D46DE8}") = "1.3.1 Services", "1.3.1 Services", "{7C0441DD-9B94-4BEE-BF0C-9DDC0884AE4A}"
EndProject
Project("{2150E333-8FDC-42A3-9474-1A3956D46DE8}") = "1.3.2 Entities", "1.3.2 Entities", "{0390B035-1C66-4094-9828-064ACC7A5459}"
EndProject
Project("{2150E333-8FDC-42A3-9474-1A3956D46DE8}") = "1.2.1 Business", "1.2.1 Business", "{2F045B30-18A1-42B0-86BB-E4C0D6313404}"
EndProject
Project("{FAE04EC0-301F-11D3-BF4B-00C04F79EFBC}") = "System.Infrastructure.Tools", "System.Infrastructure.Tools\System.Infrastructure.Tools.csproj", "{EB30BDFE-FACC-42E0-867B-0E5F20B57706}"
EndProject
Project("{FAE04EC0-301F-11D3-BF4B-00C04F79EFBC}") = "System.Persistence.Connection", "System.Persistence.Connection\System.Persistence.Connection.csproj", "{80FE8EF1-BDE7-4710-B932-CDA47786890E}"
EndProject
Project("{FAE04EC0-301F-11D3-BF4B-00C04F79EFBC}") = "System.Persistence.Data", "System.Persistence.Data\System.Persistence.Data.csproj", "{ADBC08AB-C6A6-491E-96C3-7E03B99D5067}"
EndProject
Project("{FAE04EC0-301F-11D3-BF4B-00C04F79EFBC}") = "System.Persistence.Core", "System.Persistence.Core\System.Persistence.Core.csproj", "{B31AC18A-E14C-42AF-A7C0-AB55613CFDA9}"
EndProject
Project("{FAE04EC0-301F-11D3-BF4B-00C04F79EFBC}") = "System.Domain.Entities", "System.Domain.Entities\System.Domain.Entities.csproj", "{E66F0AE4-3B36-44F0-9589-B0C6B912EE04}"
EndProject
Project("{FAE04EC0-301F-11D3-BF4B-00C04F79EFBC}") = "System.Application.Business", "System.Application.Business\System.Application.Business.csproj", "{AB09ECD8-219A-4584-91B5-A44083BF5CEB}"
EndProject
Project("{FAE04EC0-301F-11D3-BF4B-00C04F79EFBC}") = "Web", "Web\Web.csproj", "{9346219D-96B6-442B-8A4F-AF9D0E1EC699}"
EndProject
Project("{2150E333-8FDC-42A3-9474-1A3956D46DE8}") = "1.5.2 Utilities", "1.5.2 Utilities", "{0135E0D1-2490-4CC8-9150-3DCB070D6362}"
EndProject
Project("{FAE04EC0-301F-11D3-BF4B-00C04F79EFBC}") = "System.Infrastructure.Utilities", "System.Infrastructure.Utils\System.Infrastructure.Utilities.csproj", "{DB703F89-50F4-4799-A128-F00423FED7E2}"
EndProject
Global
	GlobalSection(SolutionConfigurationPlatforms) = preSolution
		Debug|Any CPU = Debug|Any CPU
		Release|Any CPU = Release|Any CPU
	EndGlobalSection
	GlobalSection(ProjectConfigurationPlatforms) = postSolution
		{EB30BDFE-FACC-42E0-867B-0E5F20B57706}.Debug|Any CPU.ActiveCfg = Debug|Any CPU
		{EB30BDFE-FACC-42E0-867B-0E5F20B57706}.Debug|Any CPU.Build.0 = Debug|Any CPU
		{EB30BDFE-FACC-42E0-867B-0E5F20B57706}.Release|Any CPU.ActiveCfg = Release|Any CPU
		{EB30BDFE-FACC-42E0-867B-0E5F20B57706}.Release|Any CPU.Build.0 = Release|Any CPU
		{80FE8EF1-BDE7-4710-B932-CDA47786890E}.Debug|Any CPU.ActiveCfg = Debug|Any CPU
		{80FE8EF1-BDE7-4710-B932-CDA47786890E}.Debug|Any CPU.Build.0 = Debug|Any CPU
		{80FE8EF1-BDE7-4710-B932-CDA47786890E}.Release|Any CPU.ActiveCfg = Release|Any CPU
		{80FE8EF1-BDE7-4710-B932-CDA47786890E}.Release|Any CPU.Build.0 = Release|Any CPU
		{ADBC08AB-C6A6-491E-96C3-7E03B99D5067}.Debug|Any CPU.ActiveCfg = Debug|Any CPU
		{ADBC08AB-C6A6-491E-96C3-7E03B99D5067}.Debug|Any CPU.Build.0 = Debug|Any CPU
		{ADBC08AB-C6A6-491E-96C3-7E03B99D5067}.Release|Any CPU.ActiveCfg = Release|Any CPU
		{ADBC08AB-C6A6-491E-96C3-7E03B99D5067}.Release|Any CPU.Build.0 = Release|Any CPU
		{B31AC18A-E14C-42AF-A7C0-AB55613CFDA9}.Debug|Any CPU.ActiveCfg = Debug|Any CPU
		{B31AC18A-E14C-42AF-A7C0-AB55613CFDA9}.Debug|Any CPU.Build.0 = Debug|Any CPU
		{B31AC18A-E14C-42AF-A7C0-AB55613CFDA9}.Release|Any CPU.ActiveCfg = Release|Any CPU
		{B31AC18A-E14C-42AF-A7C0-AB55613CFDA9}.Release|Any CPU.Build.0 = Release|Any CPU
		{E66F0AE4-3B36-44F0-9589-B0C6B912EE04}.Debug|Any CPU.ActiveCfg = Debug|Any CPU
		{E66F0AE4-3B36-44F0-9589-B0C6B912EE04}.Debug|Any CPU.Build.0 = Debug|Any CPU
		{E66F0AE4-3B36-44F0-9589-B0C6B912EE04}.Release|Any CPU.ActiveCfg = Release|Any CPU
		{E66F0AE4-3B36-44F0-9589-B0C6B912EE04}.Release|Any CPU.Build.0 = Release|Any CPU
		{AB09ECD8-219A-4584-91B5-A44083BF5CEB}.Debug|Any CPU.ActiveCfg = Debug|Any CPU
		{AB09ECD8-219A-4584-91B5-A44083BF5CEB}.Debug|Any CPU.Build.0 = Debug|Any CPU
		{AB09ECD8-219A-4584-91B5-A44083BF5CEB}.Release|Any CPU.ActiveCfg = Release|Any CPU
		{AB09ECD8-219A-4584-91B5-A44083BF5CEB}.Release|Any CPU.Build.0 = Release|Any CPU
		{9346219D-96B6-442B-8A4F-AF9D0E1EC699}.Debug|Any CPU.ActiveCfg = Debug|Any CPU
		{9346219D-96B6-442B-8A4F-AF9D0E1EC699}.Debug|Any CPU.Build.0 = Debug|Any CPU
		{9346219D-96B6-442B-8A4F-AF9D0E1EC699}.Release|Any CPU.ActiveCfg = Release|Any CPU
		{9346219D-96B6-442B-8A4F-AF9D0E1EC699}.Release|Any CPU.Build.0 = Release|Any CPU
		{DB703F89-50F4-4799-A128-F00423FED7E2}.Debug|Any CPU.ActiveCfg = Debug|Any CPU
		{DB703F89-50F4-4799-A128-F00423FED7E2}.Debug|Any CPU.Build.0 = Debug|Any CPU
		{DB703F89-50F4-4799-A128-F00423FED7E2}.Release|Any CPU.ActiveCfg = Release|Any CPU
		{DB703F89-50F4-4799-A128-F00423FED7E2}.Release|Any CPU.Build.0 = Release|Any CPU
	EndGlobalSection
	GlobalSection(SolutionProperties) = preSolution
		HideSolutionNode = FALSE
	EndGlobalSection
	GlobalSection(NestedProjects) = preSolution
		{E85C64D5-6ACD-4C85-B922-F6B93A9A7FB9} = {FACA1A00-2D70-40AD-A728-BF1723618187}
		{AFDCB393-4725-4869-9590-5C1736797287} = {FACA1A00-2D70-40AD-A728-BF1723618187}
		{B7A7B23D-E0E8-46BB-B13D-AB5FA038F5D9} = {FACA1A00-2D70-40AD-A728-BF1723618187}
		{9E98B304-E08D-4CBA-866E-443504FE78D4} = {FACA1A00-2D70-40AD-A728-BF1723618187}
		{E2847969-0873-4C46-B639-0426F24522C4} = {FACA1A00-2D70-40AD-A728-BF1723618187}
		{498F22A1-B4F4-4206-8153-179E80351ABE} = {E2847969-0873-4C46-B639-0426F24522C4}
		{7C0FD9EE-0570-4058-AB52-3C157680B710} = {9E98B304-E08D-4CBA-866E-443504FE78D4}
		{AA3D8D5D-769B-4C16-B731-CCC4AEEB238B} = {9E98B304-E08D-4CBA-866E-443504FE78D4}
		{766A41D8-4C6F-4163-8F96-C9C21A790ADA} = {9E98B304-E08D-4CBA-866E-443504FE78D4}
		{7C0441DD-9B94-4BEE-BF0C-9DDC0884AE4A} = {B7A7B23D-E0E8-46BB-B13D-AB5FA038F5D9}
		{0390B035-1C66-4094-9828-064ACC7A5459} = {B7A7B23D-E0E8-46BB-B13D-AB5FA038F5D9}
		{2F045B30-18A1-42B0-86BB-E4C0D6313404} = {AFDCB393-4725-4869-9590-5C1736797287}
		{EB30BDFE-FACC-42E0-867B-0E5F20B57706} = {498F22A1-B4F4-4206-8153-179E80351ABE}
		{80FE8EF1-BDE7-4710-B932-CDA47786890E} = {766A41D8-4C6F-4163-8F96-C9C21A790ADA}
		{ADBC08AB-C6A6-491E-96C3-7E03B99D5067} = {AA3D8D5D-769B-4C16-B731-CCC4AEEB238B}
		{B31AC18A-E14C-42AF-A7C0-AB55613CFDA9} = {7C0FD9EE-0570-4058-AB52-3C157680B710}
		{E66F0AE4-3B36-44F0-9589-B0C6B912EE04} = {0390B035-1C66-4094-9828-064ACC7A5459}
		{AB09ECD8-219A-4584-91B5-A44083BF5CEB} = {2F045B30-18A1-42B0-86BB-E4C0D6313404}
		{9346219D-96B6-442B-8A4F-AF9D0E1EC699} = {E85C64D5-6ACD-4C85-B922-F6B93A9A7FB9}
		{0135E0D1-2490-4CC8-9150-3DCB070D6362} = {E2847969-0873-4C46-B639-0426F24522C4}
		{DB703F89-50F4-4799-A128-F00423FED7E2} = {0135E0D1-2490-4CC8-9150-3DCB070D6362}
	EndGlobalSection
	GlobalSection(ExtensibilityGlobals) = postSolution
		SolutionGuid = {1E386174-9CE2-48FB-94E2-A5F21801BFDC}
	EndGlobalSection
EndGlobal
